// !$*UTF8*$!
{
	archiveVersion = 1;
	classes = {
	};
	objectVersion = 46;
	objects = {

/* Begin PBXBuildFile section */
		ACE6419D1D595C88002073AE /* AppDelegate.swift in Sources */ = {isa = PBXBuildFile; fileRef = ACE6419C1D595C88002073AE /* AppDelegate.swift */; };
		ACE6419F1D595C88002073AE /* ViewController.swift in Sources */ = {isa = PBXBuildFile; fileRef = ACE6419E1D595C88002073AE /* ViewController.swift */; };
		ACE641A21D595C88002073AE /* Main.storyboard in Resources */ = {isa = PBXBuildFile; fileRef = ACE641A01D595C88002073AE /* Main.storyboard */; };
		ACE641A41D595C88002073AE /* Assets.xcassets in Resources */ = {isa = PBXBuildFile; fileRef = ACE641A31D595C88002073AE /* Assets.xcassets */; };
		ACE641A71D595C88002073AE /* LaunchScreen.storyboard in Resources */ = {isa = PBXBuildFile; fileRef = ACE641A51D595C88002073AE /* LaunchScreen.storyboard */; };
/* End PBXBuildFile section */

/* Begin PBXFileReference section */
		ACE641991D595C88002073AE /* Exemplo1_TableView_Swift.app */ = {isa = PBXFileReference; explicitFileType = wrapper.application; includeInIndex = 0; path = Exemplo1_TableView_Swift.app; sourceTree = BUILT_PRODUCTS_DIR; };
		ACE6419C1D595C88002073AE /* AppDelegate.swift */ = {isa = PBXFileReference; lastKnownFileType = sourcecode.swift; path = AppDelegate.swift; sourceTree = "<group>"; };
		ACE6419E1D595C88002073AE /* ViewController.swift */ = {isa = PBXFileReference; lastKnownFileType = sourcecode.swift; path = ViewController.swift; sourceTree = "<group>"; };
		ACE641A11D595C88002073AE /* Base */ = {isa = PBXFileReference; lastKnownFileType = file.storyboard; name = Base; path = Base.lproj/Main.storyboard; sourceTree = "<group>"; };
		ACE641A31D595C88002073AE /* Assets.xcassets */ = {isa = PBXFileReference; lastKnownFileType = folder.assetcatalog; path = Assets.xcassets; sourceTree = "<group>"; };
		ACE641A61D595C88002073AE /* Base */ = {isa = PBXFileReference; lastKnownFileType = file.storyboard; name = Base; path = Base.lproj/LaunchScreen.storyboard; sourceTree = "<group>"; };
		ACE641A81D595C88002073AE /* Info.plist */ = {isa = PBXFileReference; lastKnownFileType = text.plist.xml; path = Info.plist; sourceTree = "<group>"; };
/* End PBXFileReference section */

/* Begin PBXFrameworksBuildPhase section */
		ACE641961D595C88002073AE /* Frameworks */ = {
			isa = PBXFrameworksBuildPhase;
			buildActionMask = 2147483647;
			files = (
			);
			runOnlyForDeploymentPostprocessing = 0;
		};
/* End PBXFrameworksBuildPhase section */

/* Begin PBXGroup section */
		ACE641901D595C88002073AE = {
			isa = PBXGroup;
			children = (
				ACE6419B1D595C88002073AE /* Exemplo1_TableView_Swift */,
				ACE6419A1D595C88002073AE /* Products */,
			);
			sourceTree = "<group>";
		};
		ACE6419A1D595C88002073AE /* Products */ = {
			isa = PBXGroup;
			children = (
				ACE641991D595C88002073AE /* Exemplo1_TableView_Swift.app */,
			);
			name = Products;
			sourceTree = "<group>";
		};
		ACE6419B1D595C88002073AE /* Exemplo1_TableView_Swift */ = {
			isa = PBXGroup;
			children = (
				ACE6419C1D595C88002073AE /* AppDelegate.swift */,
				ACE6419E1D595C88002073AE /* ViewController.swift */,
				ACE641A01D595C88002073AE /* Main.storyboard */,
				ACE641A31D595C88002073AE /* Assets.xcassets */,
				ACE641A51D595C88002073AE /* LaunchScreen.storyboard */,
				ACE641A81D595C88002073AE /* Info.plist */,
			);
			path = Exemplo1_TableView_Swift;
			sourceTree = "<group>";
		};
/* End PBXGroup section */

/* Begin PBXNativeTarget section */
		ACE641981D595C88002073AE /* Exemplo1_TableView_Swift */ = {
			isa = PBXNativeTarget;
			buildConfigurationList = ACE641AB1D595C88002073AE /* Build configuration list for PBXNativeTarget "Exemplo1_TableView_Swift" */;
			buildPhases = (
				ACE641951D595C88002073AE /* Sources */,
				ACE641961D595C88002073AE /* Frameworks */,
				ACE641971D595C88002073AE /* Resources */,
			);
			buildRules = (
			);
			dependencies = (
			);
			name = Exemplo1_TableView_Swift;
			productName = Exemplo1_TableView_Swift;
			productReference = ACE641991D595C88002073AE /* Exemplo1_TableView_Swift.app */;
			productType = "com.apple.product-type.application";
		};
/* End PBXNativeTarget section */

/* Begin PBXProject section */
		ACE641911D595C88002073AE /* Project object */ = {
			isa = PBXProject;
			attributes = {
				LastSwiftUpdateCheck = 0730;
				LastUpgradeCheck = 0730;
				ORGANIZATIONNAME = "Eduardo Keneeth";
				TargetAttributes = {
					ACE641981D595C88002073AE = {
						CreatedOnToolsVersion = 7.3.1;
					};
				};
			};
			buildConfigurationList = ACE641941D595C88002073AE /* Build configuration list for PBXProject "Exemplo1_TableView_Swift" */;
			compatibilityVersion = "Xcode 3.2";
			developmentRegion = English;
			hasScannedForEncodings = 0;
			knownRegions = (
				en,
				Base,
			);
			mainGroup = ACE641901D595C88002073AE;
			productRefGroup = ACE6419A1D595C88002073AE /* Products */;
			projectDirPath = "";
			projectRoot = "";
			targets = (
				ACE641981D595C88002073AE /* Exemplo1_TableView_Swift */,
			);
		};
/* End PBXProject section */

/* Begin PBXResourcesBuildPhase section */
		ACE641971D595C88002073AE /* Resources */ = {
			isa = PBXResourcesBuildPhase;
			buildActionMask = 2147483647;
			files = (
				ACE641A71D595C88002073AE /* LaunchScreen.storyboard in Resources */,
				ACE641A41D595C88002073AE /* Assets.xcassets in Resources */,
				ACE641A21D595C88002073AE /* Main.storyboard in Resources */,
			);
			runOnlyForDeploymentPostprocessing = 0;
		};
/* End PBXResourcesBuildPhase section */

/* Begin PBXSourcesBuildPhase section */
		ACE641951D595C88002073AE /* Sources */ = {
			isa = PBXSourcesBuildPhase;
			buildActionMask = 2147483647;
			files = (
				ACE6419F1D595C88002073AE /* ViewController.swift in Sources */,
				ACE6419D1D595C88002073AE /* AppDelegate.swift in Sources */,
			);
			runOnlyForDeploymentPostprocessing = 0;
		};
/* End PBXSourcesBuildPhase section */

/* Begin PBXVariantGroup section */
		ACE641A01D595C88002073AE /* Main.storyboard */ = {
			isa = PBXVariantGroup;
			children = (
				ACE641A11D595C88002073AE /* Base */,
			);
			name = Main.storyboard;
			sourceTree = "<group>";
		};
		ACE641A51D595C88002073AE /* LaunchScreen.storyboard */ = {
			isa = PBXVariantGroup;
			children = (
				ACE641A61D595C88002073AE /* Base */,
			);
			name = LaunchScreen.storyboard;
			sourceTree = "<group>";
		};
/* End PBXVariantGroup section */

/* Begin XCBuildConfiguration section */
		ACE641A91D595C88002073AE /* Debug */ = {
			isa = XCBuildConfiguration;
			buildSettings = {
				ALWAYS_SEARCH_USER_PATHS = NO;
				CLANG_ANALYZER_NONNULL = YES;
				CLANG_CXX_LANGUAGE_STANDARD = "gnu++0x";
				CLANG_CXX_LIBRARY = "libc++";
				CLANG_ENABLE_MODULES = YES;
				CLANG_ENABLE_OBJC_ARC = YES;
				CLANG_WARN_BOOL_CONVERSION = YES;
				CLANG_WARN_CONSTANT_CONVERSION = YES;
				CLANG_WARN_DIRECT_OBJC_ISA_USAGE = YES_ERROR;
				CLANG_WARN_EMPTY_BODY = YES;
				CLANG_WARN_ENUM_CONVERSION = YES;
				CLANG_WARN_INT_CONVERSION = YES;
				CLANG_WARN_OBJC_ROOT_CLASS = YES_ERROR;
				CLANG_WARN_UNREACHABLE_CODE = YES;
				CLANG_WARN__DUPLICATE_METHOD_MATCH = YES;
				"CODE_SIGN_IDENTITY[sdk=iphoneos*]" = "iPhone Developer";
				COPY_PHASE_STRIP = NO;
				DEBUG_INFORMATION_FORMAT = dwarf;
				ENABLE_STRICT_OBJC_MSGSEND = YES;
				ENABLE_TESTABILITY = YES;
				GCC_C_LANGUAGE_STANDARD = gnu99;
				GCC_DYNAMIC_NO_PIC = NO;
				GCC_NO_COMMON_BLOCKS = YES;
				GCC_OPTIMIZATION_LEVEL = 0;
				GCC_PREPROCESSOR_DEFINITIONS = (
					"DEBUG=1",
					"$(inherited)",
				);
				GCC_WARN_64_TO_32_BIT_CONVERSION = YES;
				GCC_WARN_ABOUT_RETURN_TYPE = YES_ERROR;
				GCC_WARN_UNDECLARED_SELECTOR = YES;
				GCC_WARN_UNINITIALIZED_AUTOS = YES_AGGRESSIVE;
				GCC_WARN_UNUSED_FUNCTION = YES;
				GCC_WARN_UNUSED_VARIABLE = YES;
				IPHONEOS_DEPLOYMENT_TARGET = 9.3;
				MTL_ENABLE_DEBUG_INFO = YES;
				ONLY_ACTIVE_ARCH = YES;
				SDKROOT = iphoneos;
				SWIFT_OPTIMIZATION_LEVEL = "-Onone";
			};
			name = Debug;
		};
		ACE641AA1D595C88002073AE /* Release */ = {
			isa = XCBuildConfiguration;
			buildSettings = {
				ALWAYS_SEARCH_USER_PATHS = NO;
				CLANG_ANALYZER_NONNULL = YES;
				CLANG_CXX_LANGUAGE_STANDARD = "gnu++0x";
				CLANG_CXX_LIBRARY = "libc++";
				CLANG_ENABLE_MODULES = YES;
				CLANG_ENABLE_OBJC_ARC = YES;
				CLANG_WARN_BOOL_CONVERSION = YES;
				CLANG_WARN_CONSTANT_CONVERSION = YES;
				CLANG_WARN_DIRECT_OBJC_ISA_USAGE = YES_ERROR;
				CLANG_WARN_EMPTY_BODY = YES;
				CLANG_WARN_ENUM_CONVERSION = YES;
				CLANG_WARN_INT_CONVERSION = YES;
				CLANG_WARN_OBJC_ROOT_CLASS = YES_ERROR;
				CLANG_WARN_UNREACHABLE_CODE = YES;
				CLANG_WARN__DUPLICATE_METHOD_MATCH = YES;
				"CODE_SIGN_IDENTITY[sdk=iphoneos*]" = "iPhone Developer";
				COPY_PHASE_STRIP = NO;
				DEBUG_INFORMATION_FORMAT = "dwarf-with-dsym";
				ENABLE_NS_ASSERTIONS = NO;
				ENABLE_STRICT_OBJC_MSGSEND = YES;
				GCC_C_LANGUAGE_STANDARD = gnu99;
				GCC_NO_COMMON_BLOCKS = YES;
				GCC_WARN_64_TO_32_BIT_CONVERSION = YES;
				GCC_WARN_ABOUT_RETURN_TYPE = YES_ERROR;
				GCC_WARN_UNDECLARED_SELECTOR = YES;
				GCC_WARN_UNINITIALIZED_AUTOS = YES_AGGRESSIVE;
				GCC_WARN_UNUSED_FUNCTION = YES;
				GCC_WARN_UNUSED_VARIABLE = YES;
				IPHONEOS_DEPLOYMENT_TARGET = 9.3;
				MTL_ENABLE_DEBUG_INFO = NO;
				SDKROOT = iphoneos;
				VALIDATE_PRODUCT = YES;
			};
			name = Release;
		};
		ACE641AC1D595C88002073AE /* Debug */ = {
			isa = XCBuildConfiguration;
			buildSettings = {
				ASSETCATALOG_COMPILER_APPICON_NAME = AppIcon;
				INFOPLIST_FILE = Exemplo1_TableView_Swift/Info.plist;
				LD_RUNPATH_SEARCH_PATHS = "$(inherited) @executable_path/Frameworks";
				PRODUCT_BUNDLE_IDENTIFIER = "br.com.ekbt.Exemplo1-TableView-Swift";
				PRODUCT_NAME = "$(TARGET_NAME)";
			};
			name = Debug;
		};
		ACE641AD1D595C88002073AE /* Release */ = {
			isa = XCBuildConfiguration;
			buildSettings = {
				ASSETCATALOG_COMPILER_APPICON_NAME = AppIcon;
				INFOPLIST_FILE = Exemplo1_TableView_Swift/Info.plist;
				LD_RUNPATH_SEARCH_PATHS = "$(inherited) @executable_path/Frameworks";
				PRODUCT_BUNDLE_IDENTIFIER = "br.com.ekbt.Exemplo1-TableView-Swift";
				PRODUCT_NAME = "$(TARGET_NAME)";
			};
			name = Release;
		};
/* End XCBuildConfiguration section */

/* Begin XCConfigurationList section */
		ACE641941D595C88002073AE /* Build configuration list for PBXProject "Exemplo1_TableView_Swift" */ = {
			isa = XCConfigurationList;
			buildConfigurations = (
				ACE641A91D595C88002073AE /* Debug */,
				ACE641AA1D595C88002073AE /* Release */,
			);
			defaultConfigurationIsVisible = 0;
			defaultConfigurationName = Release;
		};
		ACE641AB1D595C88002073AE /* Build configuration list for PBXNativeTarget "Exemplo1_TableView_Swift" */ = {
			isa = XCConfigurationList;
			buildConfigurations = (
				ACE641AC1D595C88002073AE /* Debug */,
				ACE641AD1D595C88002073AE /* Release */,
			);
			defaultConfigurationIsVisible = 0;
		};
/* End XCConfigurationList section */
	};
	rootObject = ACE641911D595C88002073AE /* Project object */;
}
